// !$*UTF8*$!
{
	archiveVersion = 1;
	classes = {
	};
	objectVersion = 51;
	objects = {

/* Begin PBXBuildFile section */
		0CBFD95DF1E3E38387E68100 /* Pods_Parstagram_ParstagramUITests.framework in Frameworks */ = {isa = PBXBuildFile; fileRef = 74C9498DB542DB07E9C0A758 /* Pods_Parstagram_ParstagramUITests.framework */; };
		506A60AB2543EFC200253E8D /* CameraViewController.swift in Sources */ = {isa = PBXBuildFile; fileRef = 506A60AA2543EFC200253E8D /* CameraViewController.swift */; };
		506DD1D62543DEC40067A481 /* AppDelegate.swift in Sources */ = {isa = PBXBuildFile; fileRef = 506DD1D52543DEC40067A481 /* AppDelegate.swift */; };
		506DD1D82543DEC40067A481 /* SceneDelegate.swift in Sources */ = {isa = PBXBuildFile; fileRef = 506DD1D72543DEC40067A481 /* SceneDelegate.swift */; };
		506DD1DD2543DEC40067A481 /* Main.storyboard in Resources */ = {isa = PBXBuildFile; fileRef = 506DD1DB2543DEC40067A481 /* Main.storyboard */; };
		506DD1DF2543DEC50067A481 /* Assets.xcassets in Resources */ = {isa = PBXBuildFile; fileRef = 506DD1DE2543DEC50067A481 /* Assets.xcassets */; };
		506DD1E22543DEC50067A481 /* LaunchScreen.storyboard in Resources */ = {isa = PBXBuildFile; fileRef = 506DD1E02543DEC50067A481 /* LaunchScreen.storyboard */; };
		506DD1ED2543DEC60067A481 /* ParstagramTests.swift in Sources */ = {isa = PBXBuildFile; fileRef = 506DD1EC2543DEC60067A481 /* ParstagramTests.swift */; };
		506DD1F82543DEC60067A481 /* ParstagramUITests.swift in Sources */ = {isa = PBXBuildFile; fileRef = 506DD1F72543DEC60067A481 /* ParstagramUITests.swift */; };
		506DD20C2543DF460067A481 /* LoginViewController.swift in Sources */ = {isa = PBXBuildFile; fileRef = 506DD20B2543DF460067A481 /* LoginViewController.swift */; };
		506DD2112543DF4E0067A481 /* FeedViewController.swift in Sources */ = {isa = PBXBuildFile; fileRef = 506DD2102543DF4E0067A481 /* FeedViewController.swift */; };
		508298872543F8EF00B85256 /* PostCell.swift in Sources */ = {isa = PBXBuildFile; fileRef = 508298862543F8EF00B85256 /* PostCell.swift */; };
		7BB6195ADC00DE3BB060EF74 /* Pods_Parstagram.framework in Frameworks */ = {isa = PBXBuildFile; fileRef = CE78EABD0CDE4A008EC9C3B6 /* Pods_Parstagram.framework */; };
		D60E7DD82CBC3026B0931377 /* Pods_ParstagramTests.framework in Frameworks */ = {isa = PBXBuildFile; fileRef = CEF0A54287DC5708886420EC /* Pods_ParstagramTests.framework */; };
/* End PBXBuildFile section */

/* Begin PBXContainerItemProxy section */
		506DD1E92543DEC60067A481 /* PBXContainerItemProxy */ = {
			isa = PBXContainerItemProxy;
			containerPortal = 506DD1CA2543DEC40067A481 /* Project object */;
			proxyType = 1;
			remoteGlobalIDString = 506DD1D12543DEC40067A481;
			remoteInfo = Parstagram;
		};
		506DD1F42543DEC60067A481 /* PBXContainerItemProxy */ = {
			isa = PBXContainerItemProxy;
			containerPortal = 506DD1CA2543DEC40067A481 /* Project object */;
			proxyType = 1;
			remoteGlobalIDString = 506DD1D12543DEC40067A481;
			remoteInfo = Parstagram;
		};
/* End PBXContainerItemProxy section */

/* Begin PBXFileReference section */
		27F480E99E7DEA796A84AAF6 /* Pods-Parstagram.release.xcconfig */ = {isa = PBXFileReference; includeInIndex = 1; lastKnownFileType = text.xcconfig; name = "Pods-Parstagram.release.xcconfig"; path = "Target Support Files/Pods-Parstagram/Pods-Parstagram.release.xcconfig"; sourceTree = "<group>"; };
		2E35C4EAFD2D04571FD53BD9 /* Pods-ParstagramTests.release.xcconfig */ = {isa = PBXFileReference; includeInIndex = 1; lastKnownFileType = text.xcconfig; name = "Pods-ParstagramTests.release.xcconfig"; path = "Target Support Files/Pods-ParstagramTests/Pods-ParstagramTests.release.xcconfig"; sourceTree = "<group>"; };
		3369342F95048E81C22A7804 /* Pods-Parstagram.debug.xcconfig */ = {isa = PBXFileReference; includeInIndex = 1; lastKnownFileType = text.xcconfig; name = "Pods-Parstagram.debug.xcconfig"; path = "Target Support Files/Pods-Parstagram/Pods-Parstagram.debug.xcconfig"; sourceTree = "<group>"; };
		3DB7F0B2063CF3C31386C1F0 /* Pods-ParstagramTests.debug.xcconfig */ = {isa = PBXFileReference; includeInIndex = 1; lastKnownFileType = text.xcconfig; name = "Pods-ParstagramTests.debug.xcconfig"; path = "Target Support Files/Pods-ParstagramTests/Pods-ParstagramTests.debug.xcconfig"; sourceTree = "<group>"; };
		506A60AA2543EFC200253E8D /* CameraViewController.swift */ = {isa = PBXFileReference; lastKnownFileType = sourcecode.swift; path = CameraViewController.swift; sourceTree = "<group>"; };
		506DD1D22543DEC40067A481 /* Parstagram.app */ = {isa = PBXFileReference; explicitFileType = wrapper.application; includeInIndex = 0; path = Parstagram.app; sourceTree = BUILT_PRODUCTS_DIR; };
		506DD1D52543DEC40067A481 /* AppDelegate.swift */ = {isa = PBXFileReference; lastKnownFileType = sourcecode.swift; path = AppDelegate.swift; sourceTree = "<group>"; };
		506DD1D72543DEC40067A481 /* SceneDelegate.swift */ = {isa = PBXFileReference; lastKnownFileType = sourcecode.swift; path = SceneDelegate.swift; sourceTree = "<group>"; };
		506DD1DC2543DEC40067A481 /* Base */ = {isa = PBXFileReference; lastKnownFileType = file.storyboard; name = Base; path = Base.lproj/Main.storyboard; sourceTree = "<group>"; };
		506DD1DE2543DEC50067A481 /* Assets.xcassets */ = {isa = PBXFileReference; lastKnownFileType = folder.assetcatalog; path = Assets.xcassets; sourceTree = "<group>"; };
		506DD1E12543DEC50067A481 /* Base */ = {isa = PBXFileReference; lastKnownFileType = file.storyboard; name = Base; path = Base.lproj/LaunchScreen.storyboard; sourceTree = "<group>"; };
		506DD1E32543DEC50067A481 /* Info.plist */ = {isa = PBXFileReference; lastKnownFileType = text.plist.xml; path = Info.plist; sourceTree = "<group>"; };
		506DD1E82543DEC60067A481 /* ParstagramTests.xctest */ = {isa = PBXFileReference; explicitFileType = wrapper.cfbundle; includeInIndex = 0; path = ParstagramTests.xctest; sourceTree = BUILT_PRODUCTS_DIR; };
		506DD1EC2543DEC60067A481 /* ParstagramTests.swift */ = {isa = PBXFileReference; lastKnownFileType = sourcecode.swift; path = ParstagramTests.swift; sourceTree = "<group>"; };
		506DD1EE2543DEC60067A481 /* Info.plist */ = {isa = PBXFileReference; lastKnownFileType = text.plist.xml; path = Info.plist; sourceTree = "<group>"; };
		506DD1F32543DEC60067A481 /* ParstagramUITests.xctest */ = {isa = PBXFileReference; explicitFileType = wrapper.cfbundle; includeInIndex = 0; path = ParstagramUITests.xctest; sourceTree = BUILT_PRODUCTS_DIR; };
		506DD1F72543DEC60067A481 /* ParstagramUITests.swift */ = {isa = PBXFileReference; lastKnownFileType = sourcecode.swift; path = ParstagramUITests.swift; sourceTree = "<group>"; };
		506DD1F92543DEC60067A481 /* Info.plist */ = {isa = PBXFileReference; lastKnownFileType = text.plist.xml; path = Info.plist; sourceTree = "<group>"; };
		506DD20B2543DF460067A481 /* LoginViewController.swift */ = {isa = PBXFileReference; lastKnownFileType = sourcecode.swift; path = LoginViewController.swift; sourceTree = "<group>"; };
		506DD2102543DF4E0067A481 /* FeedViewController.swift */ = {isa = PBXFileReference; lastKnownFileType = sourcecode.swift; path = FeedViewController.swift; sourceTree = "<group>"; };
		508298862543F8EF00B85256 /* PostCell.swift */ = {isa = PBXFileReference; lastKnownFileType = sourcecode.swift; path = PostCell.swift; sourceTree = "<group>"; };
		60FDFFA87447D72556E5521E /* Pods-Parstagram-ParstagramUITests.debug.xcconfig */ = {isa = PBXFileReference; includeInIndex = 1; lastKnownFileType = text.xcconfig; name = "Pods-Parstagram-ParstagramUITests.debug.xcconfig"; path = "Target Support Files/Pods-Parstagram-ParstagramUITests/Pods-Parstagram-ParstagramUITests.debug.xcconfig"; sourceTree = "<group>"; };
		74C9498DB542DB07E9C0A758 /* Pods_Parstagram_ParstagramUITests.framework */ = {isa = PBXFileReference; explicitFileType = wrapper.framework; includeInIndex = 0; path = Pods_Parstagram_ParstagramUITests.framework; sourceTree = BUILT_PRODUCTS_DIR; };
		C8C00AC7ED89DD7856935383 /* Pods-Parstagram-ParstagramUITests.release.xcconfig */ = {isa = PBXFileReference; includeInIndex = 1; lastKnownFileType = text.xcconfig; name = "Pods-Parstagram-ParstagramUITests.release.xcconfig"; path = "Target Support Files/Pods-Parstagram-ParstagramUITests/Pods-Parstagram-ParstagramUITests.release.xcconfig"; sourceTree = "<group>"; };
		CE78EABD0CDE4A008EC9C3B6 /* Pods_Parstagram.framework */ = {isa = PBXFileReference; explicitFileType = wrapper.framework; includeInIndex = 0; path = Pods_Parstagram.framework; sourceTree = BUILT_PRODUCTS_DIR; };
		CEF0A54287DC5708886420EC /* Pods_ParstagramTests.framework */ = {isa = PBXFileReference; explicitFileType = wrapper.framework; includeInIndex = 0; path = Pods_ParstagramTests.framework; sourceTree = BUILT_PRODUCTS_DIR; };
/* End PBXFileReference section */

/* Begin PBXFrameworksBuildPhase section */
		506DD1CF2543DEC40067A481 /* Frameworks */ = {
			isa = PBXFrameworksBuildPhase;
			buildActionMask = 2147483647;
			files = (
				7BB6195ADC00DE3BB060EF74 /* Pods_Parstagram.framework in Frameworks */,
			);
			runOnlyForDeploymentPostprocessing = 0;
		};
		506DD1E52543DEC60067A481 /* Frameworks */ = {
			isa = PBXFrameworksBuildPhase;
			buildActionMask = 2147483647;
			files = (
				D60E7DD82CBC3026B0931377 /* Pods_ParstagramTests.framework in Frameworks */,
			);
			runOnlyForDeploymentPostprocessing = 0;
		};
		506DD1F02543DEC60067A481 /* Frameworks */ = {
			isa = PBXFrameworksBuildPhase;
			buildActionMask = 2147483647;
			files = (
				0CBFD95DF1E3E38387E68100 /* Pods_Parstagram_ParstagramUITests.framework in Frameworks */,
			);
			runOnlyForDeploymentPostprocessing = 0;
		};
/* End PBXFrameworksBuildPhase section */

/* Begin PBXGroup section */
		2B6726CD609BDFD8BE35A4F8 /* Frameworks */ = {
			isa = PBXGroup;
			children = (
				CE78EABD0CDE4A008EC9C3B6 /* Pods_Parstagram.framework */,
				74C9498DB542DB07E9C0A758 /* Pods_Parstagram_ParstagramUITests.framework */,
				CEF0A54287DC5708886420EC /* Pods_ParstagramTests.framework */,
			);
			name = Frameworks;
			sourceTree = "<group>";
		};
		506DD1C92543DEC40067A481 = {
			isa = PBXGroup;
			children = (
				506DD1D42543DEC40067A481 /* Parstagram */,
				506DD1EB2543DEC60067A481 /* ParstagramTests */,
				506DD1F62543DEC60067A481 /* ParstagramUITests */,
				506DD1D32543DEC40067A481 /* Products */,
				BEEF8119A18DA1011320CBFF /* Pods */,
				2B6726CD609BDFD8BE35A4F8 /* Frameworks */,
			);
			sourceTree = "<group>";
		};
		506DD1D32543DEC40067A481 /* Products */ = {
			isa = PBXGroup;
			children = (
				506DD1D22543DEC40067A481 /* Parstagram.app */,
				506DD1E82543DEC60067A481 /* ParstagramTests.xctest */,
				506DD1F32543DEC60067A481 /* ParstagramUITests.xctest */,
			);
			name = Products;
			sourceTree = "<group>";
		};
		506DD1D42543DEC40067A481 /* Parstagram */ = {
			isa = PBXGroup;
			children = (
				506DD1D52543DEC40067A481 /* AppDelegate.swift */,
				506DD1D72543DEC40067A481 /* SceneDelegate.swift */,
				506DD1DB2543DEC40067A481 /* Main.storyboard */,
				506DD1DE2543DEC50067A481 /* Assets.xcassets */,
				506DD1E02543DEC50067A481 /* LaunchScreen.storyboard */,
				506DD1E32543DEC50067A481 /* Info.plist */,
				506DD20B2543DF460067A481 /* LoginViewController.swift */,
				506DD2102543DF4E0067A481 /* FeedViewController.swift */,
				506A60AA2543EFC200253E8D /* CameraViewController.swift */,
				508298862543F8EF00B85256 /* PostCell.swift */,
			);
			path = Parstagram;
			sourceTree = "<group>";
		};
		506DD1EB2543DEC60067A481 /* ParstagramTests */ = {
			isa = PBXGroup;
			children = (
				506DD1EC2543DEC60067A481 /* ParstagramTests.swift */,
				506DD1EE2543DEC60067A481 /* Info.plist */,
			);
			path = ParstagramTests;
			sourceTree = "<group>";
		};
		506DD1F62543DEC60067A481 /* ParstagramUITests */ = {
			isa = PBXGroup;
			children = (
				506DD1F72543DEC60067A481 /* ParstagramUITests.swift */,
				506DD1F92543DEC60067A481 /* Info.plist */,
			);
			path = ParstagramUITests;
			sourceTree = "<group>";
		};
		BEEF8119A18DA1011320CBFF /* Pods */ = {
			isa = PBXGroup;
			children = (
				3369342F95048E81C22A7804 /* Pods-Parstagram.debug.xcconfig */,
				27F480E99E7DEA796A84AAF6 /* Pods-Parstagram.release.xcconfig */,
				60FDFFA87447D72556E5521E /* Pods-Parstagram-ParstagramUITests.debug.xcconfig */,
				C8C00AC7ED89DD7856935383 /* Pods-Parstagram-ParstagramUITests.release.xcconfig */,
				3DB7F0B2063CF3C31386C1F0 /* Pods-ParstagramTests.debug.xcconfig */,
				2E35C4EAFD2D04571FD53BD9 /* Pods-ParstagramTests.release.xcconfig */,
			);
			path = Pods;
			sourceTree = "<group>";
		};
/* End PBXGroup section */

/* Begin PBXNativeTarget section */
		506DD1D12543DEC40067A481 /* Parstagram */ = {
			isa = PBXNativeTarget;
			buildConfigurationList = 506DD1FC2543DEC60067A481 /* Build configuration list for PBXNativeTarget "Parstagram" */;
			buildPhases = (
				EC2A655DA79A2ABFBE7FC43C /* [CP] Check Pods Manifest.lock */,
				506DD1CE2543DEC40067A481 /* Sources */,
				506DD1CF2543DEC40067A481 /* Frameworks */,
				506DD1D02543DEC40067A481 /* Resources */,
				4CA8D0C5B9AC5A91695C2562 /* [CP] Embed Pods Frameworks */,
			);
			buildRules = (
			);
			dependencies = (
			);
			name = Parstagram;
			productName = Parstagram;
			productReference = 506DD1D22543DEC40067A481 /* Parstagram.app */;
			productType = "com.apple.product-type.application";
		};
		506DD1E72543DEC60067A481 /* ParstagramTests */ = {
			isa = PBXNativeTarget;
			buildConfigurationList = 506DD1FF2543DEC60067A481 /* Build configuration list for PBXNativeTarget "ParstagramTests" */;
			buildPhases = (
				BE7F53BFEFBDB466EF4F8F49 /* [CP] Check Pods Manifest.lock */,
				506DD1E42543DEC60067A481 /* Sources */,
				506DD1E52543DEC60067A481 /* Frameworks */,
				506DD1E62543DEC60067A481 /* Resources */,
			);
			buildRules = (
			);
			dependencies = (
				506DD1EA2543DEC60067A481 /* PBXTargetDependency */,
			);
			name = ParstagramTests;
			productName = ParstagramTests;
			productReference = 506DD1E82543DEC60067A481 /* ParstagramTests.xctest */;
			productType = "com.apple.product-type.bundle.unit-test";
		};
		506DD1F22543DEC60067A481 /* ParstagramUITests */ = {
			isa = PBXNativeTarget;
			buildConfigurationList = 506DD2022543DEC60067A481 /* Build configuration list for PBXNativeTarget "ParstagramUITests" */;
			buildPhases = (
				7FB0E757CFD042EBEEC73859 /* [CP] Check Pods Manifest.lock */,
				506DD1EF2543DEC60067A481 /* Sources */,
				506DD1F02543DEC60067A481 /* Frameworks */,
				506DD1F12543DEC60067A481 /* Resources */,
				1F1558E966AFC8379FDE21CE /* [CP] Embed Pods Frameworks */,
			);
			buildRules = (
			);
			dependencies = (
				506DD1F52543DEC60067A481 /* PBXTargetDependency */,
			);
			name = ParstagramUITests;
			productName = ParstagramUITests;
			productReference = 506DD1F32543DEC60067A481 /* ParstagramUITests.xctest */;
			productType = "com.apple.product-type.bundle.ui-testing";
		};
/* End PBXNativeTarget section */

/* Begin PBXProject section */
		506DD1CA2543DEC40067A481 /* Project object */ = {
			isa = PBXProject;
			attributes = {
				LastSwiftUpdateCheck = 1210;
				LastUpgradeCheck = 1210;
				TargetAttributes = {
					506DD1D12543DEC40067A481 = {
						CreatedOnToolsVersion = 12.1;
					};
					506DD1E72543DEC60067A481 = {
						CreatedOnToolsVersion = 12.1;
						TestTargetID = 506DD1D12543DEC40067A481;
					};
					506DD1F22543DEC60067A481 = {
						CreatedOnToolsVersion = 12.1;
						TestTargetID = 506DD1D12543DEC40067A481;
					};
				};
			};
			buildConfigurationList = 506DD1CD2543DEC40067A481 /* Build configuration list for PBXProject "Parstagram" */;
			compatibilityVersion = "Xcode 9.3";
			developmentRegion = en;
			hasScannedForEncodings = 0;
			knownRegions = (
				en,
				Base,
			);
			mainGroup = 506DD1C92543DEC40067A481;
			productRefGroup = 506DD1D32543DEC40067A481 /* Products */;
			projectDirPath = "";
			projectRoot = "";
			targets = (
				506DD1D12543DEC40067A481 /* Parstagram */,
				506DD1E72543DEC60067A481 /* ParstagramTests */,
				506DD1F22543DEC60067A481 /* ParstagramUITests */,
			);
		};
/* End PBXProject section */

/* Begin PBXResourcesBuildPhase section */
		506DD1D02543DEC40067A481 /* Resources */ = {
			isa = PBXResourcesBuildPhase;
			buildActionMask = 2147483647;
			files = (
				506DD1E22543DEC50067A481 /* LaunchScreen.storyboard in Resources */,
				506DD1DF2543DEC50067A481 /* Assets.xcassets in Resources */,
				506DD1DD2543DEC40067A481 /* Main.storyboard in Resources */,
			);
			runOnlyForDeploymentPostprocessing = 0;
		};
		506DD1E62543DEC60067A481 /* Resources */ = {
			isa = PBXResourcesBuildPhase;
			buildActionMask = 2147483647;
			files = (
			);
			runOnlyForDeploymentPostprocessing = 0;
		};
		506DD1F12543DEC60067A481 /* Resources */ = {
			isa = PBXResourcesBuildPhase;
			buildActionMask = 2147483647;
			files = (
			);
			runOnlyForDeploymentPostprocessing = 0;
		};
/* End PBXResourcesBuildPhase section */

/* Begin PBXShellScriptBuildPhase section */
		1F1558E966AFC8379FDE21CE /* [CP] Embed Pods Frameworks */ = {
			isa = PBXShellScriptBuildPhase;
			buildActionMask = 2147483647;
			files = (
			);
			inputFileListPaths = (
				"${PODS_ROOT}/Target Support Files/Pods-Parstagram-ParstagramUITests/Pods-Parstagram-ParstagramUITests-frameworks-${CONFIGURATION}-input-files.xcfilelist",
			);
			name = "[CP] Embed Pods Frameworks";
			outputFileListPaths = (
				"${PODS_ROOT}/Target Support Files/Pods-Parstagram-ParstagramUITests/Pods-Parstagram-ParstagramUITests-frameworks-${CONFIGURATION}-output-files.xcfilelist",
			);
			runOnlyForDeploymentPostprocessing = 0;
			shellPath = /bin/sh;
			shellScript = "\"${PODS_ROOT}/Target Support Files/Pods-Parstagram-ParstagramUITests/Pods-Parstagram-ParstagramUITests-frameworks.sh\"\n";
			showEnvVarsInLog = 0;
		};
		4CA8D0C5B9AC5A91695C2562 /* [CP] Embed Pods Frameworks */ = {
			isa = PBXShellScriptBuildPhase;
			buildActionMask = 2147483647;
			files = (
			);
			inputFileListPaths = (
				"${PODS_ROOT}/Target Support Files/Pods-Parstagram/Pods-Parstagram-frameworks-${CONFIGURATION}-input-files.xcfilelist",
			);
			name = "[CP] Embed Pods Frameworks";
			outputFileListPaths = (
				"${PODS_ROOT}/Target Support Files/Pods-Parstagram/Pods-Parstagram-frameworks-${CONFIGURATION}-output-files.xcfilelist",
			);
			runOnlyForDeploymentPostprocessing = 0;
			shellPath = /bin/sh;
			shellScript = "\"${PODS_ROOT}/Target Support Files/Pods-Parstagram/Pods-Parstagram-frameworks.sh\"\n";
			showEnvVarsInLog = 0;
		};
		7FB0E757CFD042EBEEC73859 /* [CP] Check Pods Manifest.lock */ = {
			isa = PBXShellScriptBuildPhase;
			buildActionMask = 2147483647;
			files = (
			);
			inputFileListPaths = (
			);
			inputPaths = (
				"${PODS_PODFILE_DIR_PATH}/Podfile.lock",
				"${PODS_ROOT}/Manifest.lock",
			);
			name = "[CP] Check Pods Manifest.lock";
			outputFileListPaths = (
			);
			outputPaths = (
				"$(DERIVED_FILE_DIR)/Pods-Parstagram-ParstagramUITests-checkManifestLockResult.txt",
			);
			runOnlyForDeploymentPostprocessing = 0;
			shellPath = /bin/sh;
			shellScript = "diff \"${PODS_PODFILE_DIR_PATH}/Podfile.lock\" \"${PODS_ROOT}/Manifest.lock\" > /dev/null\nif [ $? != 0 ] ; then\n    # print error to STDERR\n    echo \"error: The sandbox is not in sync with the Podfile.lock. Run 'pod install' or update your CocoaPods installation.\" >&2\n    exit 1\nfi\n# This output is used by Xcode 'outputs' to avoid re-running this script phase.\necho \"SUCCESS\" > \"${SCRIPT_OUTPUT_FILE_0}\"\n";
			showEnvVarsInLog = 0;
		};
		BE7F53BFEFBDB466EF4F8F49 /* [CP] Check Pods Manifest.lock */ = {
			isa = PBXShellScriptBuildPhase;
			buildActionMask = 2147483647;
			files = (
			);
			inputFileListPaths = (
			);
			inputPaths = (
				"${PODS_PODFILE_DIR_PATH}/Podfile.lock",
				"${PODS_ROOT}/Manifest.lock",
			);
			name = "[CP] Check Pods Manifest.lock";
			outputFileListPaths = (
			);
			outputPaths = (
				"$(DERIVED_FILE_DIR)/Pods-ParstagramTests-checkManifestLockResult.txt",
			);
			runOnlyForDeploymentPostprocessing = 0;
			shellPath = /bin/sh;
			shellScript = "diff \"${PODS_PODFILE_DIR_PATH}/Podfile.lock\" \"${PODS_ROOT}/Manifest.lock\" > /dev/null\nif [ $? != 0 ] ; then\n    # print error to STDERR\n    echo \"error: The sandbox is not in sync with the Podfile.lock. Run 'pod install' or update your CocoaPods installation.\" >&2\n    exit 1\nfi\n# This output is used by Xcode 'outputs' to avoid re-running this script phase.\necho \"SUCCESS\" > \"${SCRIPT_OUTPUT_FILE_0}\"\n";
			showEnvVarsInLog = 0;
		};
		EC2A655DA79A2ABFBE7FC43C /* [CP] Check Pods Manifest.lock */ = {
			isa = PBXShellScriptBuildPhase;
			buildActionMask = 2147483647;
			files = (
			);
			inputFileListPaths = (
			);
			inputPaths = (
				"${PODS_PODFILE_DIR_PATH}/Podfile.lock",
				"${PODS_ROOT}/Manifest.lock",
			);
			name = "[CP] Check Pods Manifest.lock";
			outputFileListPaths = (
			);
			outputPaths = (
				"$(DERIVED_FILE_DIR)/Pods-Parstagram-checkManifestLockResult.txt",
			);
			runOnlyForDeploymentPostprocessing = 0;
			shellPath = /bin/sh;
			shellScript = "diff \"${PODS_PODFILE_DIR_PATH}/Podfile.lock\" \"${PODS_ROOT}/Manifest.lock\" > /dev/null\nif [ $? != 0 ] ; then\n    # print error to STDERR\n    echo \"error: The sandbox is not in sync with the Podfile.lock. Run 'pod install' or update your CocoaPods installation.\" >&2\n    exit 1\nfi\n# This output is used by Xcode 'outputs' to avoid re-running this script phase.\necho \"SUCCESS\" > \"${SCRIPT_OUTPUT_FILE_0}\"\n";
			showEnvVarsInLog = 0;
		};
/* End PBXShellScriptBuildPhase section */

/* Begin PBXSourcesBuildPhase section */
		506DD1CE2543DEC40067A481 /* Sources */ = {
			isa = PBXSourcesBuildPhase;
			buildActionMask = 2147483647;
			files = (
				506DD20C2543DF460067A481 /* LoginViewController.swift in Sources */,
				506A60AB2543EFC200253E8D /* CameraViewController.swift in Sources */,
				506DD1D62543DEC40067A481 /* AppDelegate.swift in Sources */,
				506DD2112543DF4E0067A481 /* FeedViewController.swift in Sources */,
				506DD1D82543DEC40067A481 /* SceneDelegate.swift in Sources */,
				508298872543F8EF00B85256 /* PostCell.swift in Sources */,
			);
			runOnlyForDeploymentPostprocessing = 0;
		};
		506DD1E42543DEC60067A481 /* Sources */ = {
			isa = PBXSourcesBuildPhase;
			buildActionMask = 2147483647;
			files = (
				506DD1ED2543DEC60067A481 /* ParstagramTests.swift in Sources */,
			);
			runOnlyForDeploymentPostprocessing = 0;
		};
		506DD1EF2543DEC60067A481 /* Sources */ = {
			isa = PBXSourcesBuildPhase;
			buildActionMask = 2147483647;
			files = (
				506DD1F82543DEC60067A481 /* ParstagramUITests.swift in Sources */,
			);
			runOnlyForDeploymentPostprocessing = 0;
		};
/* End PBXSourcesBuildPhase section */

/* Begin PBXTargetDependency section */
		506DD1EA2543DEC60067A481 /* PBXTargetDependency */ = {
			isa = PBXTargetDependency;
			target = 506DD1D12543DEC40067A481 /* Parstagram */;
			targetProxy = 506DD1E92543DEC60067A481 /* PBXContainerItemProxy */;
		};
		506DD1F52543DEC60067A481 /* PBXTargetDependency */ = {
			isa = PBXTargetDependency;
			target = 506DD1D12543DEC40067A481 /* Parstagram */;
			targetProxy = 506DD1F42543DEC60067A481 /* PBXContainerItemProxy */;
		};
/* End PBXTargetDependency section */

/* Begin PBXVariantGroup section */
		506DD1DB2543DEC40067A481 /* Main.storyboard */ = {
			isa = PBXVariantGroup;
			children = (
				506DD1DC2543DEC40067A481 /* Base */,
			);
			name = Main.storyboard;
			sourceTree = "<group>";
		};
		506DD1E02543DEC50067A481 /* LaunchScreen.storyboard */ = {
			isa = PBXVariantGroup;
			children = (
				506DD1E12543DEC50067A481 /* Base */,
			);
			name = LaunchScreen.storyboard;
			sourceTree = "<group>";
		};
/* End PBXVariantGroup section */

/* Begin XCBuildConfiguration section */
		506DD1FA2543DEC60067A481 /* Debug */ = {
			isa = XCBuildConfiguration;
			buildSettings = {
				ALWAYS_SEARCH_USER_PATHS = NO;
				CLANG_ANALYZER_NONNULL = YES;
				CLANG_ANALYZER_NUMBER_OBJECT_CONVERSION = YES_AGGRESSIVE;
				CLANG_CXX_LANGUAGE_STANDARD = "gnu++14";
				CLANG_CXX_LIBRARY = "libc++";
				CLANG_ENABLE_MODULES = YES;
				CLANG_ENABLE_OBJC_ARC = YES;
				CLANG_ENABLE_OBJC_WEAK = YES;
				CLANG_WARN_BLOCK_CAPTURE_AUTORELEASING = YES;
				CLANG_WARN_BOOL_CONVERSION = YES;
				CLANG_WARN_COMMA = YES;
				CLANG_WARN_CONSTANT_CONVERSION = YES;
				CLANG_WARN_DEPRECATED_OBJC_IMPLEMENTATIONS = YES;
				CLANG_WARN_DIRECT_OBJC_ISA_USAGE = YES_ERROR;
				CLANG_WARN_DOCUMENTATION_COMMENTS = YES;
				CLANG_WARN_EMPTY_BODY = YES;
				CLANG_WARN_ENUM_CONVERSION = YES;
				CLANG_WARN_INFINITE_RECURSION = YES;
				CLANG_WARN_INT_CONVERSION = YES;
				CLANG_WARN_NON_LITERAL_NULL_CONVERSION = YES;
				CLANG_WARN_OBJC_IMPLICIT_RETAIN_SELF = YES;
				CLANG_WARN_OBJC_LITERAL_CONVERSION = YES;
				CLANG_WARN_OBJC_ROOT_CLASS = YES_ERROR;
				CLANG_WARN_QUOTED_INCLUDE_IN_FRAMEWORK_HEADER = YES;
				CLANG_WARN_RANGE_LOOP_ANALYSIS = YES;
				CLANG_WARN_STRICT_PROTOTYPES = YES;
				CLANG_WARN_SUSPICIOUS_MOVE = YES;
				CLANG_WARN_UNGUARDED_AVAILABILITY = YES_AGGRESSIVE;
				CLANG_WARN_UNREACHABLE_CODE = YES;
				CLANG_WARN__DUPLICATE_METHOD_MATCH = YES;
				COPY_PHASE_STRIP = NO;
				DEBUG_INFORMATION_FORMAT = dwarf;
				ENABLE_STRICT_OBJC_MSGSEND = YES;
				ENABLE_TESTABILITY = YES;
				GCC_C_LANGUAGE_STANDARD = gnu11;
				GCC_DYNAMIC_NO_PIC = NO;
				GCC_NO_COMMON_BLOCKS = YES;
				GCC_OPTIMIZATION_LEVEL = 0;
				GCC_PREPROCESSOR_DEFINITIONS = (
					"DEBUG=1",
					"$(inherited)",
				);
				GCC_WARN_64_TO_32_BIT_CONVERSION = YES;
				GCC_WARN_ABOUT_RETURN_TYPE = YES_ERROR;
				GCC_WARN_UNDECLARED_SELECTOR = YES;
				GCC_WARN_UNINITIALIZED_AUTOS = YES_AGGRESSIVE;
				GCC_WARN_UNUSED_FUNCTION = YES;
				GCC_WARN_UNUSED_VARIABLE = YES;
				IPHONEOS_DEPLOYMENT_TARGET = 14.1;
				MTL_ENABLE_DEBUG_INFO = INCLUDE_SOURCE;
				MTL_FAST_MATH = YES;
				ONLY_ACTIVE_ARCH = YES;
				SDKROOT = iphoneos;
				SWIFT_ACTIVE_COMPILATION_CONDITIONS = DEBUG;
				SWIFT_OPTIMIZATION_LEVEL = "-Onone";
			};
			name = Debug;
		};
		506DD1FB2543DEC60067A481 /* Release */ = {
			isa = XCBuildConfiguration;
			buildSettings = {
				ALWAYS_SEARCH_USER_PATHS = NO;
				CLANG_ANALYZER_NONNULL = YES;
				CLANG_ANALYZER_NUMBER_OBJECT_CONVERSION = YES_AGGRESSIVE;
				CLANG_CXX_LANGUAGE_STANDARD = "gnu++14";
				CLANG_CXX_LIBRARY = "libc++";
				CLANG_ENABLE_MODULES = YES;
				CLANG_ENABLE_OBJC_ARC = YES;
				CLANG_ENABLE_OBJC_WEAK = YES;
				CLANG_WARN_BLOCK_CAPTURE_AUTORELEASING = YES;
				CLANG_WARN_BOOL_CONVERSION = YES;
				CLANG_WARN_COMMA = YES;
				CLANG_WARN_CONSTANT_CONVERSION = YES;
				CLANG_WARN_DEPRECATED_OBJC_IMPLEMENTATIONS = YES;
				CLANG_WARN_DIRECT_OBJC_ISA_USAGE = YES_ERROR;
				CLANG_WARN_DOCUMENTATION_COMMENTS = YES;
				CLANG_WARN_EMPTY_BODY = YES;
				CLANG_WARN_ENUM_CONVERSION = YES;
				CLANG_WARN_INFINITE_RECURSION = YES;
				CLANG_WARN_INT_CONVERSION = YES;
				CLANG_WARN_NON_LITERAL_NULL_CONVERSION = YES;
				CLANG_WARN_OBJC_IMPLICIT_RETAIN_SELF = YES;
				CLANG_WARN_OBJC_LITERAL_CONVERSION = YES;
				CLANG_WARN_OBJC_ROOT_CLASS = YES_ERROR;
				CLANG_WARN_QUOTED_INCLUDE_IN_FRAMEWORK_HEADER = YES;
				CLANG_WARN_RANGE_LOOP_ANALYSIS = YES;
				CLANG_WARN_STRICT_PROTOTYPES = YES;
				CLANG_WARN_SUSPICIOUS_MOVE = YES;
				CLANG_WARN_UNGUARDED_AVAILABILITY = YES_AGGRESSIVE;
				CLANG_WARN_UNREACHABLE_CODE = YES;
				CLANG_WARN__DUPLICATE_METHOD_MATCH = YES;
				COPY_PHASE_STRIP = NO;
				DEBUG_INFORMATION_FORMAT = "dwarf-with-dsym";
				ENABLE_NS_ASSERTIONS = NO;
				ENABLE_STRICT_OBJC_MSGSEND = YES;
				GCC_C_LANGUAGE_STANDARD = gnu11;
				GCC_NO_COMMON_BLOCKS = YES;
				GCC_WARN_64_TO_32_BIT_CONVERSION = YES;
				GCC_WARN_ABOUT_RETURN_TYPE = YES_ERROR;
				GCC_WARN_UNDECLARED_SELECTOR = YES;
				GCC_WARN_UNINITIALIZED_AUTOS = YES_AGGRESSIVE;
				GCC_WARN_UNUSED_FUNCTION = YES;
				GCC_WARN_UNUSED_VARIABLE = YES;
				IPHONEOS_DEPLOYMENT_TARGET = 14.1;
				MTL_ENABLE_DEBUG_INFO = NO;
				MTL_FAST_MATH = YES;
				SDKROOT = iphoneos;
				SWIFT_COMPILATION_MODE = wholemodule;
				SWIFT_OPTIMIZATION_LEVEL = "-O";
				VALIDATE_PRODUCT = YES;
			};
			name = Release;
		};
		506DD1FD2543DEC60067A481 /* Debug */ = {
			isa = XCBuildConfiguration;
			baseConfigurationReference = 3369342F95048E81C22A7804 /* Pods-Parstagram.debug.xcconfig */;
			buildSettings = {
				ASSETCATALOG_COMPILER_APPICON_NAME = AppIcon;
				ASSETCATALOG_COMPILER_GLOBAL_ACCENT_COLOR_NAME = AccentColor;
				CODE_SIGN_STYLE = Automatic;
				INFOPLIST_FILE = Parstagram/Info.plist;
				LD_RUNPATH_SEARCH_PATHS = (
					"$(inherited)",
					"@executable_path/Frameworks",
				);
				PRODUCT_BUNDLE_IDENTIFIER = vishaalpkumar.Parstagram;
				PRODUCT_NAME = "$(TARGET_NAME)";
				SWIFT_VERSION = 5.0;
				TARGETED_DEVICE_FAMILY = "1,2";
			};
			name = Debug;
		};
		506DD1FE2543DEC60067A481 /* Release */ = {
			isa = XCBuildConfiguration;
			baseConfigurationReference = 27F480E99E7DEA796A84AAF6 /* Pods-Parstagram.release.xcconfig */;
			buildSettings = {
				ASSETCATALOG_COMPILER_APPICON_NAME = AppIcon;
				ASSETCATALOG_COMPILER_GLOBAL_ACCENT_COLOR_NAME = AccentColor;
				CODE_SIGN_STYLE = Automatic;
				INFOPLIST_FILE = Parstagram/Info.plist;
				LD_RUNPATH_SEARCH_PATHS = (
					"$(inherited)",
					"@executable_path/Frameworks",
				);
				PRODUCT_BUNDLE_IDENTIFIER = vishaalpkumar.Parstagram;
				PRODUCT_NAME = "$(TARGET_NAME)";
				SWIFT_VERSION = 5.0;
				TARGETED_DEVICE_FAMILY = "1,2";
			};
			name = Release;
		};
		506DD2002543DEC60067A481 /* Debug */ = {
			isa = XCBuildConfiguration;
			baseConfigurationReference = 3DB7F0B2063CF3C31386C1F0 /* Pods-ParstagramTests.debug.xcconfig */;
			buildSettings = {
				ALWAYS_EMBED_SWIFT_STANDARD_LIBRARIES = YES;
				BUNDLE_LOADER = "$(TEST_HOST)";
				CODE_SIGN_STYLE = Automatic;
				INFOPLIST_FILE = ParstagramTests/Info.plist;
				IPHONEOS_DEPLOYMENT_TARGET = 14.1;
				LD_RUNPATH_SEARCH_PATHS = (
					"$(inherited)",
					"@executable_path/Frameworks",
					"@loader_path/Frameworks",
				);
				PRODUCT_BUNDLE_IDENTIFIER = vishaalpkumar.ParstagramTests;
				PRODUCT_NAME = "$(TARGET_NAME)";
				SWIFT_VERSION = 5.0;
				TARGETED_DEVICE_FAMILY = "1,2";
				TEST_HOST = "$(BUILT_PRODUCTS_DIR)/Parstagram.app/Parstagram";
			};
			name = Debug;
		};
		506DD2012543DEC60067A481 /* Release */ = {
			isa = XCBuildConfiguration;
			baseConfigurationReference = 2E35C4EAFD2D04571FD53BD9 /* Pods-ParstagramTests.release.xcconfig */;
			buildSettings = {
				ALWAYS_EMBED_SWIFT_STANDARD_LIBRARIES = YES;
				BUNDLE_LOADER = "$(TEST_HOST)";
				CODE_SIGN_STYLE = Automatic;
				INFOPLIST_FILE = ParstagramTests/Info.plist;
				IPHONEOS_DEPLOYMENT_TARGET = 14.1;
				LD_RUNPATH_SEARCH_PATHS = (
					"$(inherited)",
					"@executable_path/Frameworks",
					"@loader_path/Frameworks",
				);
				PRODUCT_BUNDLE_IDENTIFIER = vishaalpkumar.ParstagramTests;
				PRODUCT_NAME = "$(TARGET_NAME)";
				SWIFT_VERSION = 5.0;
				TARGETED_DEVICE_FAMILY = "1,2";
				TEST_HOST = "$(BUILT_PRODUCTS_DIR)/Parstagram.app/Parstagram";
			};
			name = Release;
		};
		506DD2032543DEC60067A481 /* Debug */ = {
			isa = XCBuildConfiguration;
			baseConfigurationReference = 60FDFFA87447D72556E5521E /* Pods-Parstagram-ParstagramUITests.debug.xcconfig */;
			buildSettings = {
				ALWAYS_EMBED_SWIFT_STANDARD_LIBRARIES = YES;
				CODE_SIGN_STYLE = Automatic;
				INFOPLIST_FILE = ParstagramUITests/Info.plist;
				LD_RUNPATH_SEARCH_PATHS = (
					"$(inherited)",
					"@executable_path/Frameworks",
					"@loader_path/Frameworks",
				);
				PRODUCT_BUNDLE_IDENTIFIER = vishaalpkumar.ParstagramUITests;
				PRODUCT_NAME = "$(TARGET_NAME)";
				SWIFT_VERSION = 5.0;
				TARGETED_DEVICE_FAMILY = "1,2";
				TEST_TARGET_NAME = Parstagram;
			};
			name = Debug;
		};
		506DD2042543DEC60067A481 /* Release */ = {
			isa = XCBuildConfiguration;
			baseConfigurationReference = C8C00AC7ED89DD7856935383 /* Pods-Parstagram-ParstagramUITests.release.xcconfig */;
			buildSettings = {
				ALWAYS_EMBED_SWIFT_STANDARD_LIBRARIES = YES;
				CODE_SIGN_STYLE = Automatic;
				INFOPLIST_FILE = ParstagramUITests/Info.plist;
				LD_RUNPATH_SEARCH_PATHS = (
					"$(inherited)",
					"@executable_path/Frameworks",
					"@loader_path/Frameworks",
				);
				PRODUCT_BUNDLE_IDENTIFIER = vishaalpkumar.ParstagramUITests;
				PRODUCT_NAME = "$(TARGET_NAME)";
				SWIFT_VERSION = 5.0;
				TARGETED_DEVICE_FAMILY = "1,2";
				TEST_TARGET_NAME = Parstagram;
			};
			name = Release;
		};
/* End XCBuildConfiguration section */

/* Begin XCConfigurationList section */
		506DD1CD2543DEC40067A481 /* Build configuration list for PBXProject "Parstagram" */ = {
			isa = XCConfigurationList;
			buildConfigurations = (
				506DD1FA2543DEC60067A481 /* Debug */,
				506DD1FB2543DEC60067A481 /* Release */,
			);
			defaultConfigurationIsVisible = 0;
			defaultConfigurationName = Release;
		};
		506DD1FC2543DEC60067A481 /* Build configuration list for PBXNativeTarget "Parstagram" */ = {
			isa = XCConfigurationList;
			buildConfigurations = (
				506DD1FD2543DEC60067A481 /* Debug */,
				506DD1FE2543DEC60067A481 /* Release */,
			);
			defaultConfigurationIsVisible = 0;
			defaultConfigurationName = Release;
		};
		506DD1FF2543DEC60067A481 /* Build configuration list for PBXNativeTarget "ParstagramTests" */ = {
			isa = XCConfigurationList;
			buildConfigurations = (
				506DD2002543DEC60067A481 /* Debug */,
				506DD2012543DEC60067A481 /* Release */,
			);
			defaultConfigurationIsVisible = 0;
			defaultConfigurationName = Release;
		};
		506DD2022543DEC60067A481 /* Build configuration list for PBXNativeTarget "ParstagramUITests" */ = {
			isa = XCConfigurationList;
			buildConfigurations = (
				506DD2032543DEC60067A481 /* Debug */,
				506DD2042543DEC60067A481 /* Release */,
			);
			defaultConfigurationIsVisible = 0;
			defaultConfigurationName = Release;
		};
/* End XCConfigurationList section */
	};
	rootObject = 506DD1CA2543DEC40067A481 /* Project object */;
}
