// !$*UTF8*$!
{
	archiveVersion = 1;
	classes = {
	};
	objectVersion = 50;
	objects = {

/* Begin PBXBuildFile section */
		506DD1D62543DEC40067A481 /* AppDelegate.swift in Sources */ = {isa = PBXBuildFile; fileRef = 506DD1D52543DEC40067A481 /* AppDelegate.swift */; };
		506DD1D82543DEC40067A481 /* SceneDelegate.swift in Sources */ = {isa = PBXBuildFile; fileRef = 506DD1D72543DEC40067A481 /* SceneDelegate.swift */; };
		506DD1DA2543DEC40067A481 /* ViewController.swift in Sources */ = {isa = PBXBuildFile; fileRef = 506DD1D92543DEC40067A481 /* ViewController.swift */; };
		506DD1DD2543DEC40067A481 /* Main.storyboard in Resources */ = {isa = PBXBuildFile; fileRef = 506DD1DB2543DEC40067A481 /* Main.storyboard */; };
		506DD1DF2543DEC50067A481 /* Assets.xcassets in Resources */ = {isa = PBXBuildFile; fileRef = 506DD1DE2543DEC50067A481 /* Assets.xcassets */; };
		506DD1E22543DEC50067A481 /* LaunchScreen.storyboard in Resources */ = {isa = PBXBuildFile; fileRef = 506DD1E02543DEC50067A481 /* LaunchScreen.storyboard */; };
		506DD1ED2543DEC60067A481 /* ParstagramTests.swift in Sources */ = {isa = PBXBuildFile; fileRef = 506DD1EC2543DEC60067A481 /* ParstagramTests.swift */; };
		506DD1F82543DEC60067A481 /* ParstagramUITests.swift in Sources */ = {isa = PBXBuildFile; fileRef = 506DD1F72543DEC60067A481 /* ParstagramUITests.swift */; };
/* End PBXBuildFile section */

/* Begin PBXContainerItemProxy section */
		506DD1E92543DEC60067A481 /* PBXContainerItemProxy */ = {
			isa = PBXContainerItemProxy;
			containerPortal = 506DD1CA2543DEC40067A481 /* Project object */;
			proxyType = 1;
			remoteGlobalIDString = 506DD1D12543DEC40067A481;
			remoteInfo = Parstagram;
		};
		506DD1F42543DEC60067A481 /* PBXContainerItemProxy */ = {
			isa = PBXContainerItemProxy;
			containerPortal = 506DD1CA2543DEC40067A481 /* Project object */;
			proxyType = 1;
			remoteGlobalIDString = 506DD1D12543DEC40067A481;
			remoteInfo = Parstagram;
		};
/* End PBXContainerItemProxy section */

/* Begin PBXFileReference section */
		506DD1D22543DEC40067A481 /* Parstagram.app */ = {isa = PBXFileReference; explicitFileType = wrapper.application; includeInIndex = 0; path = Parstagram.app; sourceTree = BUILT_PRODUCTS_DIR; };
		506DD1D52543DEC40067A481 /* AppDelegate.swift */ = {isa = PBXFileReference; lastKnownFileType = sourcecode.swift; path = AppDelegate.swift; sourceTree = "<group>"; };
		506DD1D72543DEC40067A481 /* SceneDelegate.swift */ = {isa = PBXFileReference; lastKnownFileType = sourcecode.swift; path = SceneDelegate.swift; sourceTree = "<group>"; };
		506DD1D92543DEC40067A481 /* ViewController.swift */ = {isa = PBXFileReference; lastKnownFileType = sourcecode.swift; path = ViewController.swift; sourceTree = "<group>"; };
		506DD1DC2543DEC40067A481 /* Base */ = {isa = PBXFileReference; lastKnownFileType = file.storyboard; name = Base; path = Base.lproj/Main.storyboard; sourceTree = "<group>"; };
		506DD1DE2543DEC50067A481 /* Assets.xcassets */ = {isa = PBXFileReference; lastKnownFileType = folder.assetcatalog; path = Assets.xcassets; sourceTree = "<group>"; };
		506DD1E12543DEC50067A481 /* Base */ = {isa = PBXFileReference; lastKnownFileType = file.storyboard; name = Base; path = Base.lproj/LaunchScreen.storyboard; sourceTree = "<group>"; };
		506DD1E32543DEC50067A481 /* Info.plist */ = {isa = PBXFileReference; lastKnownFileType = text.plist.xml; path = Info.plist; sourceTree = "<group>"; };
		506DD1E82543DEC60067A481 /* ParstagramTests.xctest */ = {isa = PBXFileReference; explicitFileType = wrapper.cfbundle; includeInIndex = 0; path = ParstagramTests.xctest; sourceTree = BUILT_PRODUCTS_DIR; };
		506DD1EC2543DEC60067A481 /* ParstagramTests.swift */ = {isa = PBXFileReference; lastKnownFileType = sourcecode.swift; path = ParstagramTests.swift; sourceTree = "<group>"; };
		506DD1EE2543DEC60067A481 /* Info.plist */ = {isa = PBXFileReference; lastKnownFileType = text.plist.xml; path = Info.plist; sourceTree = "<group>"; };
		506DD1F32543DEC60067A481 /* ParstagramUITests.xctest */ = {isa = PBXFileReference; explicitFileType = wrapper.cfbundle; includeInIndex = 0; path = ParstagramUITests.xctest; sourceTree = BUILT_PRODUCTS_DIR; };
		506DD1F72543DEC60067A481 /* ParstagramUITests.swift */ = {isa = PBXFileReference; lastKnownFileType = sourcecode.swift; path = ParstagramUITests.swift; sourceTree = "<group>"; };
		506DD1F92543DEC60067A481 /* Info.plist */ = {isa = PBXFileReference; lastKnownFileType = text.plist.xml; path = Info.plist; sourceTree = "<group>"; };
/* End PBXFileReference section */

/* Begin PBXFrameworksBuildPhase section */
		506DD1CF2543DEC40067A481 /* Frameworks */ = {
			isa = PBXFrameworksBuildPhase;
			buildActionMask = 2147483647;
			files = (
			);
			runOnlyForDeploymentPostprocessing = 0;
		};
		506DD1E52543DEC60067A481 /* Frameworks */ = {
			isa = PBXFrameworksBuildPhase;
			buildActionMask = 2147483647;
			files = (
			);
			runOnlyForDeploymentPostprocessing = 0;
		};
		506DD1F02543DEC60067A481 /* Frameworks */ = {
			isa = PBXFrameworksBuildPhase;
			buildActionMask = 2147483647;
			files = (
			);
			runOnlyForDeploymentPostprocessing = 0;
		};
/* End PBXFrameworksBuildPhase section */

/* Begin PBXGroup section */
		506DD1C92543DEC40067A481 = {
			isa = PBXGroup;
			children = (
				506DD1D42543DEC40067A481 /* Parstagram */,
				506DD1EB2543DEC60067A481 /* ParstagramTests */,
				506DD1F62543DEC60067A481 /* ParstagramUITests */,
				506DD1D32543DEC40067A481 /* Products */,
			);
			sourceTree = "<group>";
		};
		506DD1D32543DEC40067A481 /* Products */ = {
			isa = PBXGroup;
			children = (
				506DD1D22543DEC40067A481 /* Parstagram.app */,
				506DD1E82543DEC60067A481 /* ParstagramTests.xctest */,
				506DD1F32543DEC60067A481 /* ParstagramUITests.xctest */,
			);
			name = Products;
			sourceTree = "<group>";
		};
		506DD1D42543DEC40067A481 /* Parstagram */ = {
			isa = PBXGroup;
			children = (
				506DD1D52543DEC40067A481 /* AppDelegate.swift */,
				506DD1D72543DEC40067A481 /* SceneDelegate.swift */,
				506DD1D92543DEC40067A481 /* ViewController.swift */,
				506DD1DB2543DEC40067A481 /* Main.storyboard */,
				506DD1DE2543DEC50067A481 /* Assets.xcassets */,
				506DD1E02543DEC50067A481 /* LaunchScreen.storyboard */,
				506DD1E32543DEC50067A481 /* Info.plist */,
			);
			path = Parstagram;
			sourceTree = "<group>";
		};
		506DD1EB2543DEC60067A481 /* ParstagramTests */ = {
			isa = PBXGroup;
			children = (
				506DD1EC2543DEC60067A481 /* ParstagramTests.swift */,
				506DD1EE2543DEC60067A481 /* Info.plist */,
			);
			path = ParstagramTests;
			sourceTree = "<group>";
		};
		506DD1F62543DEC60067A481 /* ParstagramUITests */ = {
			isa = PBXGroup;
			children = (
				506DD1F72543DEC60067A481 /* ParstagramUITests.swift */,
				506DD1F92543DEC60067A481 /* Info.plist */,
			);
			path = ParstagramUITests;
			sourceTree = "<group>";
		};
/* End PBXGroup section */

/* Begin PBXNativeTarget section */
		506DD1D12543DEC40067A481 /* Parstagram */ = {
			isa = PBXNativeTarget;
			buildConfigurationList = 506DD1FC2543DEC60067A481 /* Build configuration list for PBXNativeTarget "Parstagram" */;
			buildPhases = (
				506DD1CE2543DEC40067A481 /* Sources */,
				506DD1CF2543DEC40067A481 /* Frameworks */,
				506DD1D02543DEC40067A481 /* Resources */,
			);
			buildRules = (
			);
			dependencies = (
			);
			name = Parstagram;
			productName = Parstagram;
			productReference = 506DD1D22543DEC40067A481 /* Parstagram.app */;
			productType = "com.apple.product-type.application";
		};
		506DD1E72543DEC60067A481 /* ParstagramTests */ = {
			isa = PBXNativeTarget;
			buildConfigurationList = 506DD1FF2543DEC60067A481 /* Build configuration list for PBXNativeTarget "ParstagramTests" */;
			buildPhases = (
				506DD1E42543DEC60067A481 /* Sources */,
				506DD1E52543DEC60067A481 /* Frameworks */,
				506DD1E62543DEC60067A481 /* Resources */,
			);
			buildRules = (
			);
			dependencies = (
				506DD1EA2543DEC60067A481 /* PBXTargetDependency */,
			);
			name = ParstagramTests;
			productName = ParstagramTests;
			productReference = 506DD1E82543DEC60067A481 /* ParstagramTests.xctest */;
			productType = "com.apple.product-type.bundle.unit-test";
		};
		506DD1F22543DEC60067A481 /* ParstagramUITests */ = {
			isa = PBXNativeTarget;
			buildConfigurationList = 506DD2022543DEC60067A481 /* Build configuration list for PBXNativeTarget "ParstagramUITests" */;
			buildPhases = (
				506DD1EF2543DEC60067A481 /* Sources */,
				506DD1F02543DEC60067A481 /* Frameworks */,
				506DD1F12543DEC60067A481 /* Resources */,
			);
			buildRules = (
			);
			dependencies = (
				506DD1F52543DEC60067A481 /* PBXTargetDependency */,
			);
			name = ParstagramUITests;
			productName = ParstagramUITests;
			productReference = 506DD1F32543DEC60067A481 /* ParstagramUITests.xctest */;
			productType = "com.apple.product-type.bundle.ui-testing";
		};
/* End PBXNativeTarget section */

/* Begin PBXProject section */
		506DD1CA2543DEC40067A481 /* Project object */ = {
			isa = PBXProject;
			attributes = {
				LastSwiftUpdateCheck = 1210;
				LastUpgradeCheck = 1210;
				TargetAttributes = {
					506DD1D12543DEC40067A481 = {
						CreatedOnToolsVersion = 12.1;
					};
					506DD1E72543DEC60067A481 = {
						CreatedOnToolsVersion = 12.1;
						TestTargetID = 506DD1D12543DEC40067A481;
					};
					506DD1F22543DEC60067A481 = {
						CreatedOnToolsVersion = 12.1;
						TestTargetID = 506DD1D12543DEC40067A481;
					};
				};
			};
			buildConfigurationList = 506DD1CD2543DEC40067A481 /* Build configuration list for PBXProject "Parstagram" */;
			compatibilityVersion = "Xcode 9.3";
			developmentRegion = en;
			hasScannedForEncodings = 0;
			knownRegions = (
				en,
				Base,
			);
			mainGroup = 506DD1C92543DEC40067A481;
			productRefGroup = 506DD1D32543DEC40067A481 /* Products */;
			projectDirPath = "";
			projectRoot = "";
			targets = (
				506DD1D12543DEC40067A481 /* Parstagram */,
				506DD1E72543DEC60067A481 /* ParstagramTests */,
				506DD1F22543DEC60067A481 /* ParstagramUITests */,
			);
		};
/* End PBXProject section */

/* Begin PBXResourcesBuildPhase section */
		506DD1D02543DEC40067A481 /* Resources */ = {
			isa = PBXResourcesBuildPhase;
			buildActionMask = 2147483647;
			files = (
				506DD1E22543DEC50067A481 /* LaunchScreen.storyboard in Resources */,
				506DD1DF2543DEC50067A481 /* Assets.xcassets in Resources */,
				506DD1DD2543DEC40067A481 /* Main.storyboard in Resources */,
			);
			runOnlyForDeploymentPostprocessing = 0;
		};
		506DD1E62543DEC60067A481 /* Resources */ = {
			isa = PBXResourcesBuildPhase;
			buildActionMask = 2147483647;
			files = (
			);
			runOnlyForDeploymentPostprocessing = 0;
		};
		506DD1F12543DEC60067A481 /* Resources */ = {
			isa = PBXResourcesBuildPhase;
			buildActionMask = 2147483647;
			files = (
			);
			runOnlyForDeploymentPostprocessing = 0;
		};
/* End PBXResourcesBuildPhase section */

/* Begin PBXSourcesBuildPhase section */
		506DD1CE2543DEC40067A481 /* Sources */ = {
			isa = PBXSourcesBuildPhase;
			buildActionMask = 2147483647;
			files = (
				506DD1DA2543DEC40067A481 /* ViewController.swift in Sources */,
				506DD1D62543DEC40067A481 /* AppDelegate.swift in Sources */,
				506DD1D82543DEC40067A481 /* SceneDelegate.swift in Sources */,
			);
			runOnlyForDeploymentPostprocessing = 0;
		};
		506DD1E42543DEC60067A481 /* Sources */ = {
			isa = PBXSourcesBuildPhase;
			buildActionMask = 2147483647;
			files = (
				506DD1ED2543DEC60067A481 /* ParstagramTests.swift in Sources */,
			);
			runOnlyForDeploymentPostprocessing = 0;
		};
		506DD1EF2543DEC60067A481 /* Sources */ = {
			isa = PBXSourcesBuildPhase;
			buildActionMask = 2147483647;
			files = (
				506DD1F82543DEC60067A481 /* ParstagramUITests.swift in Sources */,
			);
			runOnlyForDeploymentPostprocessing = 0;
		};
/* End PBXSourcesBuildPhase section */

/* Begin PBXTargetDependency section */
		506DD1EA2543DEC60067A481 /* PBXTargetDependency */ = {
			isa = PBXTargetDependency;
			target = 506DD1D12543DEC40067A481 /* Parstagram */;
			targetProxy = 506DD1E92543DEC60067A481 /* PBXContainerItemProxy */;
		};
		506DD1F52543DEC60067A481 /* PBXTargetDependency */ = {
			isa = PBXTargetDependency;
			target = 506DD1D12543DEC40067A481 /* Parstagram */;
			targetProxy = 506DD1F42543DEC60067A481 /* PBXContainerItemProxy */;
		};
/* End PBXTargetDependency section */

/* Begin PBXVariantGroup section */
		506DD1DB2543DEC40067A481 /* Main.storyboard */ = {
			isa = PBXVariantGroup;
			children = (
				506DD1DC2543DEC40067A481 /* Base */,
			);
			name = Main.storyboard;
			sourceTree = "<group>";
		};
		506DD1E02543DEC50067A481 /* LaunchScreen.storyboard */ = {
			isa = PBXVariantGroup;
			children = (
				506DD1E12543DEC50067A481 /* Base */,
			);
			name = LaunchScreen.storyboard;
			sourceTree = "<group>";
		};
/* End PBXVariantGroup section */

/* Begin XCBuildConfiguration section */
		506DD1FA2543DEC60067A481 /* Debug */ = {
			isa = XCBuildConfiguration;
			buildSettings = {
				ALWAYS_SEARCH_USER_PATHS = NO;
				CLANG_ANALYZER_NONNULL = YES;
				CLANG_ANALYZER_NUMBER_OBJECT_CONVERSION = YES_AGGRESSIVE;
				CLANG_CXX_LANGUAGE_STANDARD = "gnu++14";
				CLANG_CXX_LIBRARY = "libc++";
				CLANG_ENABLE_MODULES = YES;
				CLANG_ENABLE_OBJC_ARC = YES;
				CLANG_ENABLE_OBJC_WEAK = YES;
				CLANG_WARN_BLOCK_CAPTURE_AUTORELEASING = YES;
				CLANG_WARN_BOOL_CONVERSION = YES;
				CLANG_WARN_COMMA = YES;
				CLANG_WARN_CONSTANT_CONVERSION = YES;
				CLANG_WARN_DEPRECATED_OBJC_IMPLEMENTATIONS = YES;
				CLANG_WARN_DIRECT_OBJC_ISA_USAGE = YES_ERROR;
				CLANG_WARN_DOCUMENTATION_COMMENTS = YES;
				CLANG_WARN_EMPTY_BODY = YES;
				CLANG_WARN_ENUM_CONVERSION = YES;
				CLANG_WARN_INFINITE_RECURSION = YES;
				CLANG_WARN_INT_CONVERSION = YES;
				CLANG_WARN_NON_LITERAL_NULL_CONVERSION = YES;
				CLANG_WARN_OBJC_IMPLICIT_RETAIN_SELF = YES;
				CLANG_WARN_OBJC_LITERAL_CONVERSION = YES;
				CLANG_WARN_OBJC_ROOT_CLASS = YES_ERROR;
				CLANG_WARN_QUOTED_INCLUDE_IN_FRAMEWORK_HEADER = YES;
				CLANG_WARN_RANGE_LOOP_ANALYSIS = YES;
				CLANG_WARN_STRICT_PROTOTYPES = YES;
				CLANG_WARN_SUSPICIOUS_MOVE = YES;
				CLANG_WARN_UNGUARDED_AVAILABILITY = YES_AGGRESSIVE;
				CLANG_WARN_UNREACHABLE_CODE = YES;
				CLANG_WARN__DUPLICATE_METHOD_MATCH = YES;
				COPY_PHASE_STRIP = NO;
				DEBUG_INFORMATION_FORMAT = dwarf;
				ENABLE_STRICT_OBJC_MSGSEND = YES;
				ENABLE_TESTABILITY = YES;
				GCC_C_LANGUAGE_STANDARD = gnu11;
				GCC_DYNAMIC_NO_PIC = NO;
				GCC_NO_COMMON_BLOCKS = YES;
				GCC_OPTIMIZATION_LEVEL = 0;
				GCC_PREPROCESSOR_DEFINITIONS = (
					"DEBUG=1",
					"$(inherited)",
				);
				GCC_WARN_64_TO_32_BIT_CONVERSION = YES;
				GCC_WARN_ABOUT_RETURN_TYPE = YES_ERROR;
				GCC_WARN_UNDECLARED_SELECTOR = YES;
				GCC_WARN_UNINITIALIZED_AUTOS = YES_AGGRESSIVE;
				GCC_WARN_UNUSED_FUNCTION = YES;
				GCC_WARN_UNUSED_VARIABLE = YES;
				IPHONEOS_DEPLOYMENT_TARGET = 14.1;
				MTL_ENABLE_DEBUG_INFO = INCLUDE_SOURCE;
				MTL_FAST_MATH = YES;
				ONLY_ACTIVE_ARCH = YES;
				SDKROOT = iphoneos;
				SWIFT_ACTIVE_COMPILATION_CONDITIONS = DEBUG;
				SWIFT_OPTIMIZATION_LEVEL = "-Onone";
			};
			name = Debug;
		};
		506DD1FB2543DEC60067A481 /* Release */ = {
			isa = XCBuildConfiguration;
			buildSettings = {
				ALWAYS_SEARCH_USER_PATHS = NO;
				CLANG_ANALYZER_NONNULL = YES;
				CLANG_ANALYZER_NUMBER_OBJECT_CONVERSION = YES_AGGRESSIVE;
				CLANG_CXX_LANGUAGE_STANDARD = "gnu++14";
				CLANG_CXX_LIBRARY = "libc++";
				CLANG_ENABLE_MODULES = YES;
				CLANG_ENABLE_OBJC_ARC = YES;
				CLANG_ENABLE_OBJC_WEAK = YES;
				CLANG_WARN_BLOCK_CAPTURE_AUTORELEASING = YES;
				CLANG_WARN_BOOL_CONVERSION = YES;
				CLANG_WARN_COMMA = YES;
				CLANG_WARN_CONSTANT_CONVERSION = YES;
				CLANG_WARN_DEPRECATED_OBJC_IMPLEMENTATIONS = YES;
				CLANG_WARN_DIRECT_OBJC_ISA_USAGE = YES_ERROR;
				CLANG_WARN_DOCUMENTATION_COMMENTS = YES;
				CLANG_WARN_EMPTY_BODY = YES;
				CLANG_WARN_ENUM_CONVERSION = YES;
				CLANG_WARN_INFINITE_RECURSION = YES;
				CLANG_WARN_INT_CONVERSION = YES;
				CLANG_WARN_NON_LITERAL_NULL_CONVERSION = YES;
				CLANG_WARN_OBJC_IMPLICIT_RETAIN_SELF = YES;
				CLANG_WARN_OBJC_LITERAL_CONVERSION = YES;
				CLANG_WARN_OBJC_ROOT_CLASS = YES_ERROR;
				CLANG_WARN_QUOTED_INCLUDE_IN_FRAMEWORK_HEADER = YES;
				CLANG_WARN_RANGE_LOOP_ANALYSIS = YES;
				CLANG_WARN_STRICT_PROTOTYPES = YES;
				CLANG_WARN_SUSPICIOUS_MOVE = YES;
				CLANG_WARN_UNGUARDED_AVAILABILITY = YES_AGGRESSIVE;
				CLANG_WARN_UNREACHABLE_CODE = YES;
				CLANG_WARN__DUPLICATE_METHOD_MATCH = YES;
				COPY_PHASE_STRIP = NO;
				DEBUG_INFORMATION_FORMAT = "dwarf-with-dsym";
				ENABLE_NS_ASSERTIONS = NO;
				ENABLE_STRICT_OBJC_MSGSEND = YES;
				GCC_C_LANGUAGE_STANDARD = gnu11;
				GCC_NO_COMMON_BLOCKS = YES;
				GCC_WARN_64_TO_32_BIT_CONVERSION = YES;
				GCC_WARN_ABOUT_RETURN_TYPE = YES_ERROR;
				GCC_WARN_UNDECLARED_SELECTOR = YES;
				GCC_WARN_UNINITIALIZED_AUTOS = YES_AGGRESSIVE;
				GCC_WARN_UNUSED_FUNCTION = YES;
				GCC_WARN_UNUSED_VARIABLE = YES;
				IPHONEOS_DEPLOYMENT_TARGET = 14.1;
				MTL_ENABLE_DEBUG_INFO = NO;
				MTL_FAST_MATH = YES;
				SDKROOT = iphoneos;
				SWIFT_COMPILATION_MODE = wholemodule;
				SWIFT_OPTIMIZATION_LEVEL = "-O";
				VALIDATE_PRODUCT = YES;
			};
			name = Release;
		};
		506DD1FD2543DEC60067A481 /* Debug */ = {
			isa = XCBuildConfiguration;
			buildSettings = {
				ASSETCATALOG_COMPILER_APPICON_NAME = AppIcon;
				ASSETCATALOG_COMPILER_GLOBAL_ACCENT_COLOR_NAME = AccentColor;
				CODE_SIGN_STYLE = Automatic;
				INFOPLIST_FILE = Parstagram/Info.plist;
				LD_RUNPATH_SEARCH_PATHS = (
					"$(inherited)",
					"@executable_path/Frameworks",
				);
				PRODUCT_BUNDLE_IDENTIFIER = vishaalpkumar.Parstagram;
				PRODUCT_NAME = "$(TARGET_NAME)";
				SWIFT_VERSION = 5.0;
				TARGETED_DEVICE_FAMILY = "1,2";
			};
			name = Debug;
		};
		506DD1FE2543DEC60067A481 /* Release */ = {
			isa = XCBuildConfiguration;
			buildSettings = {
				ASSETCATALOG_COMPILER_APPICON_NAME = AppIcon;
				ASSETCATALOG_COMPILER_GLOBAL_ACCENT_COLOR_NAME = AccentColor;
				CODE_SIGN_STYLE = Automatic;
				INFOPLIST_FILE = Parstagram/Info.plist;
				LD_RUNPATH_SEARCH_PATHS = (
					"$(inherited)",
					"@executable_path/Frameworks",
				);
				PRODUCT_BUNDLE_IDENTIFIER = vishaalpkumar.Parstagram;
				PRODUCT_NAME = "$(TARGET_NAME)";
				SWIFT_VERSION = 5.0;
				TARGETED_DEVICE_FAMILY = "1,2";
			};
			name = Release;
		};
		506DD2002543DEC60067A481 /* Debug */ = {
			isa = XCBuildConfiguration;
			buildSettings = {
				ALWAYS_EMBED_SWIFT_STANDARD_LIBRARIES = YES;
				BUNDLE_LOADER = "$(TEST_HOST)";
				CODE_SIGN_STYLE = Automatic;
				INFOPLIST_FILE = ParstagramTests/Info.plist;
				IPHONEOS_DEPLOYMENT_TARGET = 14.1;
				LD_RUNPATH_SEARCH_PATHS = (
					"$(inherited)",
					"@executable_path/Frameworks",
					"@loader_path/Frameworks",
				);
				PRODUCT_BUNDLE_IDENTIFIER = vishaalpkumar.ParstagramTests;
				PRODUCT_NAME = "$(TARGET_NAME)";
				SWIFT_VERSION = 5.0;
				TARGETED_DEVICE_FAMILY = "1,2";
				TEST_HOST = "$(BUILT_PRODUCTS_DIR)/Parstagram.app/Parstagram";
			};
			name = Debug;
		};
		506DD2012543DEC60067A481 /* Release */ = {
			isa = XCBuildConfiguration;
			buildSettings = {
				ALWAYS_EMBED_SWIFT_STANDARD_LIBRARIES = YES;
				BUNDLE_LOADER = "$(TEST_HOST)";
				CODE_SIGN_STYLE = Automatic;
				INFOPLIST_FILE = ParstagramTests/Info.plist;
				IPHONEOS_DEPLOYMENT_TARGET = 14.1;
				LD_RUNPATH_SEARCH_PATHS = (
					"$(inherited)",
					"@executable_path/Frameworks",
					"@loader_path/Frameworks",
				);
				PRODUCT_BUNDLE_IDENTIFIER = vishaalpkumar.ParstagramTests;
				PRODUCT_NAME = "$(TARGET_NAME)";
				SWIFT_VERSION = 5.0;
				TARGETED_DEVICE_FAMILY = "1,2";
				TEST_HOST = "$(BUILT_PRODUCTS_DIR)/Parstagram.app/Parstagram";
			};
			name = Release;
		};
		506DD2032543DEC60067A481 /* Debug */ = {
			isa = XCBuildConfiguration;
			buildSettings = {
				ALWAYS_EMBED_SWIFT_STANDARD_LIBRARIES = YES;
				CODE_SIGN_STYLE = Automatic;
				INFOPLIST_FILE = ParstagramUITests/Info.plist;
				LD_RUNPATH_SEARCH_PATHS = (
					"$(inherited)",
					"@executable_path/Frameworks",
					"@loader_path/Frameworks",
				);
				PRODUCT_BUNDLE_IDENTIFIER = vishaalpkumar.ParstagramUITests;
				PRODUCT_NAME = "$(TARGET_NAME)";
				SWIFT_VERSION = 5.0;
				TARGETED_DEVICE_FAMILY = "1,2";
				TEST_TARGET_NAME = Parstagram;
			};
			name = Debug;
		};
		506DD2042543DEC60067A481 /* Release */ = {
			isa = XCBuildConfiguration;
			buildSettings = {
				ALWAYS_EMBED_SWIFT_STANDARD_LIBRARIES = YES;
				CODE_SIGN_STYLE = Automatic;
				INFOPLIST_FILE = ParstagramUITests/Info.plist;
				LD_RUNPATH_SEARCH_PATHS = (
					"$(inherited)",
					"@executable_path/Frameworks",
					"@loader_path/Frameworks",
				);
				PRODUCT_BUNDLE_IDENTIFIER = vishaalpkumar.ParstagramUITests;
				PRODUCT_NAME = "$(TARGET_NAME)";
				SWIFT_VERSION = 5.0;
				TARGETED_DEVICE_FAMILY = "1,2";
				TEST_TARGET_NAME = Parstagram;
			};
			name = Release;
		};
/* End XCBuildConfiguration section */

/* Begin XCConfigurationList section */
		506DD1CD2543DEC40067A481 /* Build configuration list for PBXProject "Parstagram" */ = {
			isa = XCConfigurationList;
			buildConfigurations = (
				506DD1FA2543DEC60067A481 /* Debug */,
				506DD1FB2543DEC60067A481 /* Release */,
			);
			defaultConfigurationIsVisible = 0;
			defaultConfigurationName = Release;
		};
		506DD1FC2543DEC60067A481 /* Build configuration list for PBXNativeTarget "Parstagram" */ = {
			isa = XCConfigurationList;
			buildConfigurations = (
				506DD1FD2543DEC60067A481 /* Debug */,
				506DD1FE2543DEC60067A481 /* Release */,
			);
			defaultConfigurationIsVisible = 0;
			defaultConfigurationName = Release;
		};
		506DD1FF2543DEC60067A481 /* Build configuration list for PBXNativeTarget "ParstagramTests" */ = {
			isa = XCConfigurationList;
			buildConfigurations = (
				506DD2002543DEC60067A481 /* Debug */,
				506DD2012543DEC60067A481 /* Release */,
			);
			defaultConfigurationIsVisible = 0;
			defaultConfigurationName = Release;
		};
		506DD2022543DEC60067A481 /* Build configuration list for PBXNativeTarget "ParstagramUITests" */ = {
			isa = XCConfigurationList;
			buildConfigurations = (
				506DD2032543DEC60067A481 /* Debug */,
				506DD2042543DEC60067A481 /* Release */,
			);
			defaultConfigurationIsVisible = 0;
			defaultConfigurationName = Release;
		};
/* End XCConfigurationList section */
	};
	rootObject = 506DD1CA2543DEC40067A481 /* Project object */;
}
